{
  "name": "new",
  "version": "0.1.0",
  "lockfileVersion": 1,
  "requires": true,
  "dependencies": {
    "animejs": {
      "version": "2.2.0",
      "resolved": "https://registry.npmjs.org/animejs/-/animejs-2.2.0.tgz",
      "integrity": "sha1-Ne79/FNbgZScnLBvCz5gwC5v3IA="
    },
    "ev-emitter": {
      "version": "1.1.1",
      "resolved": "https://registry.npmjs.org/ev-emitter/-/ev-emitter-1.1.1.tgz",
      "integrity": "sha512-ipiDYhdQSCZ4hSbX4rMW+XzNKMD1prg/sTvoVmSLkuQ1MVlwjJQQA+sW8tMYR3BLUr9KjodFV4pvzunvRhd33Q=="
    },
    "imagesloaded": {
      "version": "4.1.3",
      "resolved": "https://registry.npmjs.org/imagesloaded/-/imagesloaded-4.1.3.tgz",
      "integrity": "sha512-cjwkbOXFgDAuh1kpAwIvWfcUkQF9NXLlzS38L4szgiYeNCFFyNetblG5/OFzo4JweNxuDOk+5AIPlqFVIBIInA==",
      "requires": {
        "ev-emitter": "1.1.1"
      }
    }
  }
}
